
Microsoft Visual Studio Solution File, Format Version 12.00
# Visual Studio Version 17
VisualStudioVersion = 17.8.34330.188
MinimumVisualStudioVersion = 10.0.40219.1
Project("{9A19103F-16F7-4668-BE54-9A1E7A4F7556}") = "String Methods in C#", "String Methods in C#\String Methods in C#.csproj", "{B5BD11EA-1085-411E-BB61-639D04DF2C97}"
EndProject
Project("{FAE04EC0-301F-11D3-BF4B-00C04F79EFBC}") = "Ref Out In - Keywords", "Ref Out In - Keywords\Ref Out In - Keywords.csproj", "{877AEF38-66B2-4A34-8FCD-25CE4837D32B}"
EndProject
Project("{FAE04EC0-301F-11D3-BF4B-00C04F79EFBC}") = "Boxing vs. Unboxing", "Boxing vs. Unboxing\Boxing vs. Unboxing.csproj", "{ABE469B8-DFA2-4EFE-9D9A-93EE486BF2D7}"
EndProject
Project("{FAE04EC0-301F-11D3-BF4B-00C04F79EFBC}") = "String vs. StringBuilder", "String vs. StringBuilder\String vs. StringBuilder.csproj", "{5AD05622-9F03-482E-B71A-E459CC1F5366}"
EndProject
Project("{FAE04EC0-301F-11D3-BF4B-00C04F79EFBC}") = "Exceptions. Try, Catch, Finally", "Exceptions. Try, Catch, Finally\Exceptions. Try, Catch, Finally.csproj", "{46861543-E9ED-4527-9E18-12D991EE4A5B}"
EndProject
Project("{FAE04EC0-301F-11D3-BF4B-00C04F79EFBC}") = "Inheritance. Constructors. Base & This", "Inheritance. Constructors. Base & This\Inheritance. Constructors. Base & This.csproj", "{685BBB35-CA88-42F5-849D-856A083C0396}"
EndProject
Project("{FAE04EC0-301F-11D3-BF4B-00C04F79EFBC}") = "Encapsulation. Getters, Setters", "Encapsulation. Getters, Setters\Encapsulation. Getters, Setters.csproj", "{06CFEF94-3B01-412D-9648-C74FA03CC93B}"
EndProject
Project("{FAE04EC0-301F-11D3-BF4B-00C04F79EFBC}") = "Inheritance. Upcast, Downcast. Is & As", "Inheritance. Upcast, Downcast. Is & As\Inheritance. Upcast, Downcast. Is & As.csproj", "{E524761B-E076-47AF-862F-276047D6C931}"
EndProject
Global
	GlobalSection(SolutionConfigurationPlatforms) = preSolution
		Debug|Any CPU = Debug|Any CPU
		Release|Any CPU = Release|Any CPU
	EndGlobalSection
	GlobalSection(ProjectConfigurationPlatforms) = postSolution
		{B5BD11EA-1085-411E-BB61-639D04DF2C97}.Debug|Any CPU.ActiveCfg = Debug|Any CPU
		{B5BD11EA-1085-411E-BB61-639D04DF2C97}.Debug|Any CPU.Build.0 = Debug|Any CPU
		{B5BD11EA-1085-411E-BB61-639D04DF2C97}.Release|Any CPU.ActiveCfg = Release|Any CPU
		{B5BD11EA-1085-411E-BB61-639D04DF2C97}.Release|Any CPU.Build.0 = Release|Any CPU
		{877AEF38-66B2-4A34-8FCD-25CE4837D32B}.Debug|Any CPU.ActiveCfg = Debug|Any CPU
		{877AEF38-66B2-4A34-8FCD-25CE4837D32B}.Debug|Any CPU.Build.0 = Debug|Any CPU
		{877AEF38-66B2-4A34-8FCD-25CE4837D32B}.Release|Any CPU.ActiveCfg = Release|Any CPU
		{877AEF38-66B2-4A34-8FCD-25CE4837D32B}.Release|Any CPU.Build.0 = Release|Any CPU
		{ABE469B8-DFA2-4EFE-9D9A-93EE486BF2D7}.Debug|Any CPU.ActiveCfg = Debug|Any CPU
		{ABE469B8-DFA2-4EFE-9D9A-93EE486BF2D7}.Debug|Any CPU.Build.0 = Debug|Any CPU
		{ABE469B8-DFA2-4EFE-9D9A-93EE486BF2D7}.Release|Any CPU.ActiveCfg = Release|Any CPU
		{ABE469B8-DFA2-4EFE-9D9A-93EE486BF2D7}.Release|Any CPU.Build.0 = Release|Any CPU
		{5AD05622-9F03-482E-B71A-E459CC1F5366}.Debug|Any CPU.ActiveCfg = Debug|Any CPU
		{5AD05622-9F03-482E-B71A-E459CC1F5366}.Debug|Any CPU.Build.0 = Debug|Any CPU
		{5AD05622-9F03-482E-B71A-E459CC1F5366}.Release|Any CPU.ActiveCfg = Release|Any CPU
		{5AD05622-9F03-482E-B71A-E459CC1F5366}.Release|Any CPU.Build.0 = Release|Any CPU
		{46861543-E9ED-4527-9E18-12D991EE4A5B}.Debug|Any CPU.ActiveCfg = Debug|Any CPU
		{46861543-E9ED-4527-9E18-12D991EE4A5B}.Debug|Any CPU.Build.0 = Debug|Any CPU
		{46861543-E9ED-4527-9E18-12D991EE4A5B}.Release|Any CPU.ActiveCfg = Release|Any CPU
		{46861543-E9ED-4527-9E18-12D991EE4A5B}.Release|Any CPU.Build.0 = Release|Any CPU
		{685BBB35-CA88-42F5-849D-856A083C0396}.Debug|Any CPU.ActiveCfg = Debug|Any CPU
		{685BBB35-CA88-42F5-849D-856A083C0396}.Debug|Any CPU.Build.0 = Debug|Any CPU
		{685BBB35-CA88-42F5-849D-856A083C0396}.Release|Any CPU.ActiveCfg = Release|Any CPU
		{685BBB35-CA88-42F5-849D-856A083C0396}.Release|Any CPU.Build.0 = Release|Any CPU
		{06CFEF94-3B01-412D-9648-C74FA03CC93B}.Debug|Any CPU.ActiveCfg = Debug|Any CPU
		{06CFEF94-3B01-412D-9648-C74FA03CC93B}.Debug|Any CPU.Build.0 = Debug|Any CPU
		{06CFEF94-3B01-412D-9648-C74FA03CC93B}.Release|Any CPU.ActiveCfg = Release|Any CPU
		{06CFEF94-3B01-412D-9648-C74FA03CC93B}.Release|Any CPU.Build.0 = Release|Any CPU
		{E524761B-E076-47AF-862F-276047D6C931}.Debug|Any CPU.ActiveCfg = Debug|Any CPU
		{E524761B-E076-47AF-862F-276047D6C931}.Debug|Any CPU.Build.0 = Debug|Any CPU
		{E524761B-E076-47AF-862F-276047D6C931}.Release|Any CPU.ActiveCfg = Release|Any CPU
		{E524761B-E076-47AF-862F-276047D6C931}.Release|Any CPU.Build.0 = Release|Any CPU
	EndGlobalSection
	GlobalSection(SolutionProperties) = preSolution
		HideSolutionNode = FALSE
	EndGlobalSection
	GlobalSection(ExtensibilityGlobals) = postSolution
		SolutionGuid = {5B95D0DA-AC9E-4841-8B35-D2D79386ED1F}
	EndGlobalSection
EndGlobal
